
Microsoft Visual Studio Solution File, Format Version 12.00
# Visual Studio Version 17
Project("{2150E333-8FDC-42A3-9474-1A3956D46DE8}") = "CMakePredefinedTargets", "CMakePredefinedTargets", "{AB1DB5E1-61B1-302C-AE3C-6A31DB695B5D}"
EndProject
Project("{2150E333-8FDC-42A3-9474-1A3956D46DE8}") = "External", "External", "{3C98219D-E1E9-372C-A369-8C0514667C82}"
EndProject
Project("{2150E333-8FDC-42A3-9474-1A3956D46DE8}") = "Internal", "Internal", "{9A949A92-BBA7-3E8B-A014-5A6E16F6E36B}"
EndProject
Project("{8BC9CEB8-8B4A-11D0-8D11-00A0C91BC942}") = "ALL_BUILD", "ALL_BUILD.vcxproj", "{31E9279C-62F8-33DC-A5DB-A56BF00D91B2}"
	ProjectSection(ProjectDependencies) = postProject
		{20F5D748-AF5C-369E-9C62-5F858EE783A8} = {20F5D748-AF5C-369E-9C62-5F858EE783A8}
		{A3CF31DB-F331-3DD0-AED1-F563D7FBBC6F} = {A3CF31DB-F331-3DD0-AED1-F563D7FBBC6F}
		{A398339D-9BB2-33BA-9262-046F98B0178A} = {A398339D-9BB2-33BA-9262-046F98B0178A}
		{F5577760-C874-3621-AC05-2B848E8EC0FD} = {F5577760-C874-3621-AC05-2B848E8EC0FD}
		{31D89F28-14F9-3498-843F-FAAD5C56CE91} = {31D89F28-14F9-3498-843F-FAAD5C56CE91}
		{DFB7A22A-259E-3D7C-8B9B-9C0A95C4637F} = {DFB7A22A-259E-3D7C-8B9B-9C0A95C4637F}
		{4F1BC146-BCF5-38F3-8573-8DDBE8D64031} = {4F1BC146-BCF5-38F3-8573-8DDBE8D64031}
		{07D5E950-9560-3277-A47E-6CA425A77DFB} = {07D5E950-9560-3277-A47E-6CA425A77DFB}
		{28C269F3-D5DA-3621-8E34-7ABA27C79732} = {28C269F3-D5DA-3621-8E34-7ABA27C79732}
		{A94794E9-ABD1-3BD1-B6A9-E63E30910A5F} = {A94794E9-ABD1-3BD1-B6A9-E63E30910A5F}
		{DCAD43A0-94DE-3BCB-8AC4-4011B38DE2E6} = {DCAD43A0-94DE-3BCB-8AC4-4011B38DE2E6}
		{0FA185A5-2236-3ACE-BE7C-B786F0592BD6} = {0FA185A5-2236-3ACE-BE7C-B786F0592BD6}
		{0F497B4A-0DC1-31FF-8998-BF47743B8B96} = {0F497B4A-0DC1-31FF-8998-BF47743B8B96}
	EndProjectSection
EndProject
Project("{8BC9CEB8-8B4A-11D0-8D11-00A0C91BC942}") = "ZERO_CHECK", "..\..\..\\ZERO_CHECK.vcxproj", "{20F5D748-AF5C-369E-9C62-5F858EE783A8}"
	ProjectSection(ProjectDependencies) = postProject
	EndProjectSection
EndProject
Project("{8BC9CEB8-8B4A-11D0-8D11-00A0C91BC942}") = "cocos2d", "cocos2d.vcxproj", "{A3CF31DB-F331-3DD0-AED1-F563D7FBBC6F}"
	ProjectSection(ProjectDependencies) = postProject
		{20F5D748-AF5C-369E-9C62-5F858EE783A8} = {20F5D748-AF5C-369E-9C62-5F858EE783A8}
		{A398339D-9BB2-33BA-9262-046F98B0178A} = {A398339D-9BB2-33BA-9262-046F98B0178A}
		{F5577760-C874-3621-AC05-2B848E8EC0FD} = {F5577760-C874-3621-AC05-2B848E8EC0FD}
		{31D89F28-14F9-3498-843F-FAAD5C56CE91} = {31D89F28-14F9-3498-843F-FAAD5C56CE91}
		{DFB7A22A-259E-3D7C-8B9B-9C0A95C4637F} = {DFB7A22A-259E-3D7C-8B9B-9C0A95C4637F}
		{4F1BC146-BCF5-38F3-8573-8DDBE8D64031} = {4F1BC146-BCF5-38F3-8573-8DDBE8D64031}
		{07D5E950-9560-3277-A47E-6CA425A77DFB} = {07D5E950-9560-3277-A47E-6CA425A77DFB}
		{28C269F3-D5DA-3621-8E34-7ABA27C79732} = {28C269F3-D5DA-3621-8E34-7ABA27C79732}
		{A94794E9-ABD1-3BD1-B6A9-E63E30910A5F} = {A94794E9-ABD1-3BD1-B6A9-E63E30910A5F}
		{DCAD43A0-94DE-3BCB-8AC4-4011B38DE2E6} = {DCAD43A0-94DE-3BCB-8AC4-4011B38DE2E6}
		{0FA185A5-2236-3ACE-BE7C-B786F0592BD6} = {0FA185A5-2236-3ACE-BE7C-B786F0592BD6}
		{0F497B4A-0DC1-31FF-8998-BF47743B8B96} = {0F497B4A-0DC1-31FF-8998-BF47743B8B96}
	EndProjectSection
EndProject
Project("{8BC9CEB8-8B4A-11D0-8D11-00A0C91BC942}") = "ext_clipper", "..\..\external\clipper\ext_clipper.vcxproj", "{A398339D-9BB2-33BA-9262-046F98B0178A}"
	ProjectSection(ProjectDependencies) = postProject
		{20F5D748-AF5C-369E-9C62-5F858EE783A8} = {20F5D748-AF5C-369E-9C62-5F858EE783A8}
	EndProjectSection
EndProject
Project("{8BC9CEB8-8B4A-11D0-8D11-00A0C91BC942}") = "ext_convertUTF", "..\..\external\ConvertUTF\ext_convertUTF.vcxproj", "{F5577760-C874-3621-AC05-2B848E8EC0FD}"
	ProjectSection(ProjectDependencies) = postProject
		{20F5D748-AF5C-369E-9C62-5F858EE783A8} = {20F5D748-AF5C-369E-9C62-5F858EE783A8}
	EndProjectSection
EndProject
Project("{8BC9CEB8-8B4A-11D0-8D11-00A0C91BC942}") = "ext_edtaa3func", "..\..\external\edtaa3func\ext_edtaa3func.vcxproj", "{31D89F28-14F9-3498-843F-FAAD5C56CE91}"
	ProjectSection(ProjectDependencies) = postProject
		{20F5D748-AF5C-369E-9C62-5F858EE783A8} = {20F5D748-AF5C-369E-9C62-5F858EE783A8}
	EndProjectSection
EndProject
Project("{8BC9CEB8-8B4A-11D0-8D11-00A0C91BC942}") = "ext_md5", "..\..\external\md5\ext_md5.vcxproj", "{DFB7A22A-259E-3D7C-8B9B-9C0A95C4637F}"
	ProjectSection(ProjectDependencies) = postProject
		{20F5D748-AF5C-369E-9C62-5F858EE783A8} = {20F5D748-AF5C-369E-9C62-5F858EE783A8}
	EndProjectSection
EndProject
Project("{8BC9CEB8-8B4A-11D0-8D11-00A0C91BC942}") = "ext_poly2tri", "..\..\external\poly2tri\ext_poly2tri.vcxproj", "{4F1BC146-BCF5-38F3-8573-8DDBE8D64031}"
	ProjectSection(ProjectDependencies) = postProject
		{20F5D748-AF5C-369E-9C62-5F858EE783A8} = {20F5D748-AF5C-369E-9C62-5F858EE783A8}
	EndProjectSection
EndProject
Project("{8BC9CEB8-8B4A-11D0-8D11-00A0C91BC942}") = "ext_recast", "..\..\external\recast\ext_recast.vcxproj", "{07D5E950-9560-3277-A47E-6CA425A77DFB}"
	ProjectSection(ProjectDependencies) = postProject
		{20F5D748-AF5C-369E-9C62-5F858EE783A8} = {20F5D748-AF5C-369E-9C62-5F858EE783A8}
	EndProjectSection
EndProject
Project("{8BC9CEB8-8B4A-11D0-8D11-00A0C91BC942}") = "ext_tinyxml2", "..\..\external\tinyxml2\ext_tinyxml2.vcxproj", "{28C269F3-D5DA-3621-8E34-7ABA27C79732}"
	ProjectSection(ProjectDependencies) = postProject
		{20F5D748-AF5C-369E-9C62-5F858EE783A8} = {20F5D748-AF5C-369E-9C62-5F858EE783A8}
	EndProjectSection
EndProject
Project("{8BC9CEB8-8B4A-11D0-8D11-00A0C91BC942}") = "ext_unzip", "..\..\external\unzip\ext_unzip.vcxproj", "{A94794E9-ABD1-3BD1-B6A9-E63E30910A5F}"
	ProjectSection(ProjectDependencies) = postProject
		{20F5D748-AF5C-369E-9C62-5F858EE783A8} = {20F5D748-AF5C-369E-9C62-5F858EE783A8}
	EndProjectSection
EndProject
Project("{8BC9CEB8-8B4A-11D0-8D11-00A0C91BC942}") = "ext_xxhash", "..\..\external\xxhash\ext_xxhash.vcxproj", "{DCAD43A0-94DE-3BCB-8AC4-4011B38DE2E6}"
	ProjectSection(ProjectDependencies) = postProject
		{20F5D748-AF5C-369E-9C62-5F858EE783A8} = {20F5D748-AF5C-369E-9C62-5F858EE783A8}
	EndProjectSection
EndProject
Project("{8BC9CEB8-8B4A-11D0-8D11-00A0C91BC942}") = "ext_xxtea", "..\..\external\xxtea\ext_xxtea.vcxproj", "{0FA185A5-2236-3ACE-BE7C-B786F0592BD6}"
	ProjectSection(ProjectDependencies) = postProject
		{20F5D748-AF5C-369E-9C62-5F858EE783A8} = {20F5D748-AF5C-369E-9C62-5F858EE783A8}
	EndProjectSection
EndProject
Project("{8BC9CEB8-8B4A-11D0-8D11-00A0C91BC942}") = "external", "..\..\external\external.vcxproj", "{0F497B4A-0DC1-31FF-8998-BF47743B8B96}"
	ProjectSection(ProjectDependencies) = postProject
		{20F5D748-AF5C-369E-9C62-5F858EE783A8} = {20F5D748-AF5C-369E-9C62-5F858EE783A8}
		{A398339D-9BB2-33BA-9262-046F98B0178A} = {A398339D-9BB2-33BA-9262-046F98B0178A}
		{F5577760-C874-3621-AC05-2B848E8EC0FD} = {F5577760-C874-3621-AC05-2B848E8EC0FD}
		{31D89F28-14F9-3498-843F-FAAD5C56CE91} = {31D89F28-14F9-3498-843F-FAAD5C56CE91}
		{DFB7A22A-259E-3D7C-8B9B-9C0A95C4637F} = {DFB7A22A-259E-3D7C-8B9B-9C0A95C4637F}
		{4F1BC146-BCF5-38F3-8573-8DDBE8D64031} = {4F1BC146-BCF5-38F3-8573-8DDBE8D64031}
		{07D5E950-9560-3277-A47E-6CA425A77DFB} = {07D5E950-9560-3277-A47E-6CA425A77DFB}
		{28C269F3-D5DA-3621-8E34-7ABA27C79732} = {28C269F3-D5DA-3621-8E34-7ABA27C79732}
		{A94794E9-ABD1-3BD1-B6A9-E63E30910A5F} = {A94794E9-ABD1-3BD1-B6A9-E63E30910A5F}
		{DCAD43A0-94DE-3BCB-8AC4-4011B38DE2E6} = {DCAD43A0-94DE-3BCB-8AC4-4011B38DE2E6}
		{0FA185A5-2236-3ACE-BE7C-B786F0592BD6} = {0FA185A5-2236-3ACE-BE7C-B786F0592BD6}
	EndProjectSection
EndProject
Global
	GlobalSection(SolutionConfigurationPlatforms) = preSolution
		Debug|Win32 = Debug|Win32
		Release|Win32 = Release|Win32
		MinSizeRel|Win32 = MinSizeRel|Win32
		RelWithDebInfo|Win32 = RelWithDebInfo|Win32
	EndGlobalSection
	GlobalSection(ProjectConfigurationPlatforms) = postSolution
		{31E9279C-62F8-33DC-A5DB-A56BF00D91B2}.Debug|Win32.ActiveCfg = Debug|Win32
		{31E9279C-62F8-33DC-A5DB-A56BF00D91B2}.Release|Win32.ActiveCfg = Release|Win32
		{31E9279C-62F8-33DC-A5DB-A56BF00D91B2}.MinSizeRel|Win32.ActiveCfg = MinSizeRel|Win32
		{31E9279C-62F8-33DC-A5DB-A56BF00D91B2}.RelWithDebInfo|Win32.ActiveCfg = RelWithDebInfo|Win32
		{20F5D748-AF5C-369E-9C62-5F858EE783A8}.Debug|Win32.ActiveCfg = Debug|Win32
		{20F5D748-AF5C-369E-9C62-5F858EE783A8}.Debug|Win32.Build.0 = Debug|Win32
		{20F5D748-AF5C-369E-9C62-5F858EE783A8}.Release|Win32.ActiveCfg = Release|Win32
		{20F5D748-AF5C-369E-9C62-5F858EE783A8}.Release|Win32.Build.0 = Release|Win32
		{20F5D748-AF5C-369E-9C62-5F858EE783A8}.MinSizeRel|Win32.ActiveCfg = MinSizeRel|Win32
		{20F5D748-AF5C-369E-9C62-5F858EE783A8}.MinSizeRel|Win32.Build.0 = MinSizeRel|Win32
		{20F5D748-AF5C-369E-9C62-5F858EE783A8}.RelWithDebInfo|Win32.ActiveCfg = RelWithDebInfo|Win32
		{20F5D748-AF5C-369E-9C62-5F858EE783A8}.RelWithDebInfo|Win32.Build.0 = RelWithDebInfo|Win32
		{A3CF31DB-F331-3DD0-AED1-F563D7FBBC6F}.Debug|Win32.ActiveCfg = Debug|Win32
		{A3CF31DB-F331-3DD0-AED1-F563D7FBBC6F}.Debug|Win32.Build.0 = Debug|Win32
		{A3CF31DB-F331-3DD0-AED1-F563D7FBBC6F}.Release|Win32.ActiveCfg = Release|Win32
		{A3CF31DB-F331-3DD0-AED1-F563D7FBBC6F}.Release|Win32.Build.0 = Release|Win32
		{A3CF31DB-F331-3DD0-AED1-F563D7FBBC6F}.MinSizeRel|Win32.ActiveCfg = MinSizeRel|Win32
		{A3CF31DB-F331-3DD0-AED1-F563D7FBBC6F}.MinSizeRel|Win32.Build.0 = MinSizeRel|Win32
		{A3CF31DB-F331-3DD0-AED1-F563D7FBBC6F}.RelWithDebInfo|Win32.ActiveCfg = RelWithDebInfo|Win32
		{A3CF31DB-F331-3DD0-AED1-F563D7FBBC6F}.RelWithDebInfo|Win32.Build.0 = RelWithDebInfo|Win32
		{A398339D-9BB2-33BA-9262-046F98B0178A}.Debug|Win32.ActiveCfg = Debug|Win32
		{A398339D-9BB2-33BA-9262-046F98B0178A}.Debug|Win32.Build.0 = Debug|Win32
		{A398339D-9BB2-33BA-9262-046F98B0178A}.Release|Win32.ActiveCfg = Release|Win32
		{A398339D-9BB2-33BA-9262-046F98B0178A}.Release|Win32.Build.0 = Release|Win32
		{A398339D-9BB2-33BA-9262-046F98B0178A}.MinSizeRel|Win32.ActiveCfg = MinSizeRel|Win32
		{A398339D-9BB2-33BA-9262-046F98B0178A}.MinSizeRel|Win32.Build.0 = MinSizeRel|Win32
		{A398339D-9BB2-33BA-9262-046F98B0178A}.RelWithDebInfo|Win32.ActiveCfg = RelWithDebInfo|Win32
		{A398339D-9BB2-33BA-9262-046F98B0178A}.RelWithDebInfo|Win32.Build.0 = RelWithDebInfo|Win32
		{F5577760-C874-3621-AC05-2B848E8EC0FD}.Debug|Win32.ActiveCfg = Debug|Win32
		{F5577760-C874-3621-AC05-2B848E8EC0FD}.Debug|Win32.Build.0 = Debug|Win32
		{F5577760-C874-3621-AC05-2B848E8EC0FD}.Release|Win32.ActiveCfg = Release|Win32
		{F5577760-C874-3621-AC05-2B848E8EC0FD}.Release|Win32.Build.0 = Release|Win32
		{F5577760-C874-3621-AC05-2B848E8EC0FD}.MinSizeRel|Win32.ActiveCfg = MinSizeRel|Win32
		{F5577760-C874-3621-AC05-2B848E8EC0FD}.MinSizeRel|Win32.Build.0 = MinSizeRel|Win32
		{F5577760-C874-3621-AC05-2B848E8EC0FD}.RelWithDebInfo|Win32.ActiveCfg = RelWithDebInfo|Win32
		{F5577760-C874-3621-AC05-2B848E8EC0FD}.RelWithDebInfo|Win32.Build.0 = RelWithDebInfo|Win32
		{31D89F28-14F9-3498-843F-FAAD5C56CE91}.Debug|Win32.ActiveCfg = Debug|Win32
		{31D89F28-14F9-3498-843F-FAAD5C56CE91}.Debug|Win32.Build.0 = Debug|Win32
		{31D89F28-14F9-3498-843F-FAAD5C56CE91}.Release|Win32.ActiveCfg = Release|Win32
		{31D89F28-14F9-3498-843F-FAAD5C56CE91}.Release|Win32.Build.0 = Release|Win32
		{31D89F28-14F9-3498-843F-FAAD5C56CE91}.MinSizeRel|Win32.ActiveCfg = MinSizeRel|Win32
		{31D89F28-14F9-3498-843F-FAAD5C56CE91}.MinSizeRel|Win32.Build.0 = MinSizeRel|Win32
		{31D89F28-14F9-3498-843F-FAAD5C56CE91}.RelWithDebInfo|Win32.ActiveCfg = RelWithDebInfo|Win32
		{31D89F28-14F9-3498-843F-FAAD5C56CE91}.RelWithDebInfo|Win32.Build.0 = RelWithDebInfo|Win32
		{DFB7A22A-259E-3D7C-8B9B-9C0A95C4637F}.Debug|Win32.ActiveCfg = Debug|Win32
		{DFB7A22A-259E-3D7C-8B9B-9C0A95C4637F}.Debug|Win32.Build.0 = Debug|Win32
		{DFB7A22A-259E-3D7C-8B9B-9C0A95C4637F}.Release|Win32.ActiveCfg = Release|Win32
		{DFB7A22A-259E-3D7C-8B9B-9C0A95C4637F}.Release|Win32.Build.0 = Release|Win32
		{DFB7A22A-259E-3D7C-8B9B-9C0A95C4637F}.MinSizeRel|Win32.ActiveCfg = MinSizeRel|Win32
		{DFB7A22A-259E-3D7C-8B9B-9C0A95C4637F}.MinSizeRel|Win32.Build.0 = MinSizeRel|Win32
		{DFB7A22A-259E-3D7C-8B9B-9C0A95C4637F}.RelWithDebInfo|Win32.ActiveCfg = RelWithDebInfo|Win32
		{DFB7A22A-259E-3D7C-8B9B-9C0A95C4637F}.RelWithDebInfo|Win32.Build.0 = RelWithDebInfo|Win32
		{4F1BC146-BCF5-38F3-8573-8DDBE8D64031}.Debug|Win32.ActiveCfg = Debug|Win32
		{4F1BC146-BCF5-38F3-8573-8DDBE8D64031}.Debug|Win32.Build.0 = Debug|Win32
		{4F1BC146-BCF5-38F3-8573-8DDBE8D64031}.Release|Win32.ActiveCfg = Release|Win32
		{4F1BC146-BCF5-38F3-8573-8DDBE8D64031}.Release|Win32.Build.0 = Release|Win32
		{4F1BC146-BCF5-38F3-8573-8DDBE8D64031}.MinSizeRel|Win32.ActiveCfg = MinSizeRel|Win32
		{4F1BC146-BCF5-38F3-8573-8DDBE8D64031}.MinSizeRel|Win32.Build.0 = MinSizeRel|Win32
		{4F1BC146-BCF5-38F3-8573-8DDBE8D64031}.RelWithDebInfo|Win32.ActiveCfg = RelWithDebInfo|Win32
		{4F1BC146-BCF5-38F3-8573-8DDBE8D64031}.RelWithDebInfo|Win32.Build.0 = RelWithDebInfo|Win32
		{07D5E950-9560-3277-A47E-6CA425A77DFB}.Debug|Win32.ActiveCfg = Debug|Win32
		{07D5E950-9560-3277-A47E-6CA425A77DFB}.Debug|Win32.Build.0 = Debug|Win32
		{07D5E950-9560-3277-A47E-6CA425A77DFB}.Release|Win32.ActiveCfg = Release|Win32
		{07D5E950-9560-3277-A47E-6CA425A77DFB}.Release|Win32.Build.0 = Release|Win32
		{07D5E950-9560-3277-A47E-6CA425A77DFB}.MinSizeRel|Win32.ActiveCfg = MinSizeRel|Win32
		{07D5E950-9560-3277-A47E-6CA425A77DFB}.MinSizeRel|Win32.Build.0 = MinSizeRel|Win32
		{07D5E950-9560-3277-A47E-6CA425A77DFB}.RelWithDebInfo|Win32.ActiveCfg = RelWithDebInfo|Win32
		{07D5E950-9560-3277-A47E-6CA425A77DFB}.RelWithDebInfo|Win32.Build.0 = RelWithDebInfo|Win32
		{28C269F3-D5DA-3621-8E34-7ABA27C79732}.Debug|Win32.ActiveCfg = Debug|Win32
		{28C269F3-D5DA-3621-8E34-7ABA27C79732}.Debug|Win32.Build.0 = Debug|Win32
		{28C269F3-D5DA-3621-8E34-7ABA27C79732}.Release|Win32.ActiveCfg = Release|Win32
		{28C269F3-D5DA-3621-8E34-7ABA27C79732}.Release|Win32.Build.0 = Release|Win32
		{28C269F3-D5DA-3621-8E34-7ABA27C79732}.MinSizeRel|Win32.ActiveCfg = MinSizeRel|Win32
		{28C269F3-D5DA-3621-8E34-7ABA27C79732}.MinSizeRel|Win32.Build.0 = MinSizeRel|Win32
		{28C269F3-D5DA-3621-8E34-7ABA27C79732}.RelWithDebInfo|Win32.ActiveCfg = RelWithDebInfo|Win32
		{28C269F3-D5DA-3621-8E34-7ABA27C79732}.RelWithDebInfo|Win32.Build.0 = RelWithDebInfo|Win32
		{A94794E9-ABD1-3BD1-B6A9-E63E30910A5F}.Debug|Win32.ActiveCfg = Debug|Win32
		{A94794E9-ABD1-3BD1-B6A9-E63E30910A5F}.Debug|Win32.Build.0 = Debug|Win32
		{A94794E9-ABD1-3BD1-B6A9-E63E30910A5F}.Release|Win32.ActiveCfg = Release|Win32
		{A94794E9-ABD1-3BD1-B6A9-E63E30910A5F}.Release|Win32.Build.0 = Release|Win32
		{A94794E9-ABD1-3BD1-B6A9-E63E30910A5F}.MinSizeRel|Win32.ActiveCfg = MinSizeRel|Win32
		{A94794E9-ABD1-3BD1-B6A9-E63E30910A5F}.MinSizeRel|Win32.Build.0 = MinSizeRel|Win32
		{A94794E9-ABD1-3BD1-B6A9-E63E30910A5F}.RelWithDebInfo|Win32.ActiveCfg = RelWithDebInfo|Win32
		{A94794E9-ABD1-3BD1-B6A9-E63E30910A5F}.RelWithDebInfo|Win32.Build.0 = RelWithDebInfo|Win32
		{DCAD43A0-94DE-3BCB-8AC4-4011B38DE2E6}.Debug|Win32.ActiveCfg = Debug|Win32
		{DCAD43A0-94DE-3BCB-8AC4-4011B38DE2E6}.Debug|Win32.Build.0 = Debug|Win32
		{DCAD43A0-94DE-3BCB-8AC4-4011B38DE2E6}.Release|Win32.ActiveCfg = Release|Win32
		{DCAD43A0-94DE-3BCB-8AC4-4011B38DE2E6}.Release|Win32.Build.0 = Release|Win32
		{DCAD43A0-94DE-3BCB-8AC4-4011B38DE2E6}.MinSizeRel|Win32.ActiveCfg = MinSizeRel|Win32
		{DCAD43A0-94DE-3BCB-8AC4-4011B38DE2E6}.MinSizeRel|Win32.Build.0 = MinSizeRel|Win32
		{DCAD43A0-94DE-3BCB-8AC4-4011B38DE2E6}.RelWithDebInfo|Win32.ActiveCfg = RelWithDebInfo|Win32
		{DCAD43A0-94DE-3BCB-8AC4-4011B38DE2E6}.RelWithDebInfo|Win32.Build.0 = RelWithDebInfo|Win32
		{0FA185A5-2236-3ACE-BE7C-B786F0592BD6}.Debug|Win32.ActiveCfg = Debug|Win32
		{0FA185A5-2236-3ACE-BE7C-B786F0592BD6}.Debug|Win32.Build.0 = Debug|Win32
		{0FA185A5-2236-3ACE-BE7C-B786F0592BD6}.Release|Win32.ActiveCfg = Release|Win32
		{0FA185A5-2236-3ACE-BE7C-B786F0592BD6}.Release|Win32.Build.0 = Release|Win32
		{0FA185A5-2236-3ACE-BE7C-B786F0592BD6}.MinSizeRel|Win32.ActiveCfg = MinSizeRel|Win32
		{0FA185A5-2236-3ACE-BE7C-B786F0592BD6}.MinSizeRel|Win32.Build.0 = MinSizeRel|Win32
		{0FA185A5-2236-3ACE-BE7C-B786F0592BD6}.RelWithDebInfo|Win32.ActiveCfg = RelWithDebInfo|Win32
		{0FA185A5-2236-3ACE-BE7C-B786F0592BD6}.RelWithDebInfo|Win32.Build.0 = RelWithDebInfo|Win32
		{0F497B4A-0DC1-31FF-8998-BF47743B8B96}.Debug|Win32.ActiveCfg = Debug|Win32
		{0F497B4A-0DC1-31FF-8998-BF47743B8B96}.Debug|Win32.Build.0 = Debug|Win32
		{0F497B4A-0DC1-31FF-8998-BF47743B8B96}.Release|Win32.ActiveCfg = Release|Win32
		{0F497B4A-0DC1-31FF-8998-BF47743B8B96}.Release|Win32.Build.0 = Release|Win32
		{0F497B4A-0DC1-31FF-8998-BF47743B8B96}.MinSizeRel|Win32.ActiveCfg = MinSizeRel|Win32
		{0F497B4A-0DC1-31FF-8998-BF47743B8B96}.MinSizeRel|Win32.Build.0 = MinSizeRel|Win32
		{0F497B4A-0DC1-31FF-8998-BF47743B8B96}.RelWithDebInfo|Win32.ActiveCfg = RelWithDebInfo|Win32
		{0F497B4A-0DC1-31FF-8998-BF47743B8B96}.RelWithDebInfo|Win32.Build.0 = RelWithDebInfo|Win32
	EndGlobalSection
	GlobalSection(NestedProjects) = preSolution
		{31E9279C-62F8-33DC-A5DB-A56BF00D91B2} = {AB1DB5E1-61B1-302C-AE3C-6A31DB695B5D}
		{20F5D748-AF5C-369E-9C62-5F858EE783A8} = {AB1DB5E1-61B1-302C-AE3C-6A31DB695B5D}
		{A398339D-9BB2-33BA-9262-046F98B0178A} = {3C98219D-E1E9-372C-A369-8C0514667C82}
		{F5577760-C874-3621-AC05-2B848E8EC0FD} = {3C98219D-E1E9-372C-A369-8C0514667C82}
		{31D89F28-14F9-3498-843F-FAAD5C56CE91} = {3C98219D-E1E9-372C-A369-8C0514667C82}
		{DFB7A22A-259E-3D7C-8B9B-9C0A95C4637F} = {3C98219D-E1E9-372C-A369-8C0514667C82}
		{4F1BC146-BCF5-38F3-8573-8DDBE8D64031} = {3C98219D-E1E9-372C-A369-8C0514667C82}
		{07D5E950-9560-3277-A47E-6CA425A77DFB} = {3C98219D-E1E9-372C-A369-8C0514667C82}
		{28C269F3-D5DA-3621-8E34-7ABA27C79732} = {3C98219D-E1E9-372C-A369-8C0514667C82}
		{A94794E9-ABD1-3BD1-B6A9-E63E30910A5F} = {3C98219D-E1E9-372C-A369-8C0514667C82}
		{DCAD43A0-94DE-3BCB-8AC4-4011B38DE2E6} = {3C98219D-E1E9-372C-A369-8C0514667C82}
		{0FA185A5-2236-3ACE-BE7C-B786F0592BD6} = {3C98219D-E1E9-372C-A369-8C0514667C82}
		{0F497B4A-0DC1-31FF-8998-BF47743B8B96} = {3C98219D-E1E9-372C-A369-8C0514667C82}
		{A3CF31DB-F331-3DD0-AED1-F563D7FBBC6F} = {9A949A92-BBA7-3E8B-A014-5A6E16F6E36B}
	EndGlobalSection
	GlobalSection(ExtensibilityGlobals) = postSolution
		SolutionGuid = {44F176E7-2D4B-335E-AB7F-370870484F28}
	EndGlobalSection
	GlobalSection(ExtensibilityAddIns) = postSolution
	EndGlobalSection
EndGlobal
