
Microsoft Visual Studio Solution File, Format Version 12.00
# Visual Studio Version 17
Project("{2150E333-8FDC-42A3-9474-1A3956D46DE8}") = "CMakePredefinedTargets", "CMakePredefinedTargets", "{0819351C-08C1-3801-B314-42C0DC7382AC}"
EndProject
Project("{2150E333-8FDC-42A3-9474-1A3956D46DE8}") = "External", "External", "{25B5EB5F-2FB5-3A1F-B8D3-98C3E5F145B6}"
EndProject
Project("{2150E333-8FDC-42A3-9474-1A3956D46DE8}") = "Internal", "Internal", "{AFBB42B0-2225-30B2-A92A-E965E6EF4E6D}"
EndProject
Project("{2150E333-8FDC-42A3-9474-1A3956D46DE8}") = "Utils", "Utils", "{4661DC95-C461-388D-9F31-5775A870A65E}"
EndProject
Project("{8BC9CEB8-8B4A-11D0-8D11-00A0C91BC942}") = "ALL_BUILD", "ALL_BUILD.vcxproj", "{9200B696-E300-3FB7-A140-897B3182735A}"
	ProjectSection(ProjectDependencies) = postProject
		{3AFB6900-7B9D-338A-A61C-E89C3174246A} = {3AFB6900-7B9D-338A-A61C-E89C3174246A}
		{221D511B-75BC-3C3D-A5D4-604794DDC24C} = {221D511B-75BC-3C3D-A5D4-604794DDC24C}
		{AF615B69-AED2-32D5-95E9-78AA971994A7} = {AF615B69-AED2-32D5-95E9-78AA971994A7}
		{997FF6C6-0521-3AA0-96DF-B35A7940AA1B} = {997FF6C6-0521-3AA0-96DF-B35A7940AA1B}
		{FE70592F-D005-3272-A1B2-E0E64F4DDC33} = {FE70592F-D005-3272-A1B2-E0E64F4DDC33}
		{998D27B2-EDCA-39EF-8F4A-531A770E46CA} = {998D27B2-EDCA-39EF-8F4A-531A770E46CA}
		{6BB6F0D1-0397-3490-B548-4FE61CEB4DD8} = {6BB6F0D1-0397-3490-B548-4FE61CEB4DD8}
		{4587B2BF-26E2-3C07-831F-B7E06BB10BC2} = {4587B2BF-26E2-3C07-831F-B7E06BB10BC2}
		{D823DB59-3F76-3185-97DD-C482E9E6E3B8} = {D823DB59-3F76-3185-97DD-C482E9E6E3B8}
		{9EA3798E-F744-3B4A-9B7D-156E18643CFF} = {9EA3798E-F744-3B4A-9B7D-156E18643CFF}
		{697A7C03-A95B-3716-A994-66243E28D8EC} = {697A7C03-A95B-3716-A994-66243E28D8EC}
		{0BD25408-D81A-3547-9428-81E37B085BBE} = {0BD25408-D81A-3547-9428-81E37B085BBE}
		{A1CA9E04-2AF7-3716-BA2B-A44687F276E3} = {A1CA9E04-2AF7-3716-BA2B-A44687F276E3}
		{717BAF23-F63B-3B8A-AC14-A4F6DB11E05C} = {717BAF23-F63B-3B8A-AC14-A4F6DB11E05C}
		{AD9BC7FE-893E-370F-A376-589B42AB1545} = {AD9BC7FE-893E-370F-A376-589B42AB1545}
	EndProjectSection
EndProject
Project("{8BC9CEB8-8B4A-11D0-8D11-00A0C91BC942}") = "CocosTest", "CocosTest.vcxproj", "{3AFB6900-7B9D-338A-A61C-E89C3174246A}"
	ProjectSection(ProjectDependencies) = postProject
		{221D511B-75BC-3C3D-A5D4-604794DDC24C} = {221D511B-75BC-3C3D-A5D4-604794DDC24C}
		{AF615B69-AED2-32D5-95E9-78AA971994A7} = {AF615B69-AED2-32D5-95E9-78AA971994A7}
		{997FF6C6-0521-3AA0-96DF-B35A7940AA1B} = {997FF6C6-0521-3AA0-96DF-B35A7940AA1B}
		{FE70592F-D005-3272-A1B2-E0E64F4DDC33} = {FE70592F-D005-3272-A1B2-E0E64F4DDC33}
		{998D27B2-EDCA-39EF-8F4A-531A770E46CA} = {998D27B2-EDCA-39EF-8F4A-531A770E46CA}
		{6BB6F0D1-0397-3490-B548-4FE61CEB4DD8} = {6BB6F0D1-0397-3490-B548-4FE61CEB4DD8}
		{4587B2BF-26E2-3C07-831F-B7E06BB10BC2} = {4587B2BF-26E2-3C07-831F-B7E06BB10BC2}
		{D823DB59-3F76-3185-97DD-C482E9E6E3B8} = {D823DB59-3F76-3185-97DD-C482E9E6E3B8}
		{9EA3798E-F744-3B4A-9B7D-156E18643CFF} = {9EA3798E-F744-3B4A-9B7D-156E18643CFF}
		{697A7C03-A95B-3716-A994-66243E28D8EC} = {697A7C03-A95B-3716-A994-66243E28D8EC}
		{0BD25408-D81A-3547-9428-81E37B085BBE} = {0BD25408-D81A-3547-9428-81E37B085BBE}
		{A1CA9E04-2AF7-3716-BA2B-A44687F276E3} = {A1CA9E04-2AF7-3716-BA2B-A44687F276E3}
		{717BAF23-F63B-3B8A-AC14-A4F6DB11E05C} = {717BAF23-F63B-3B8A-AC14-A4F6DB11E05C}
		{AD9BC7FE-893E-370F-A376-589B42AB1545} = {AD9BC7FE-893E-370F-A376-589B42AB1545}
	EndProjectSection
EndProject
Project("{8BC9CEB8-8B4A-11D0-8D11-00A0C91BC942}") = "SYNC_RESOURCE-CocosTest", "SYNC_RESOURCE-CocosTest.vcxproj", "{221D511B-75BC-3C3D-A5D4-604794DDC24C}"
	ProjectSection(ProjectDependencies) = postProject
		{AF615B69-AED2-32D5-95E9-78AA971994A7} = {AF615B69-AED2-32D5-95E9-78AA971994A7}
	EndProjectSection
EndProject
Project("{8BC9CEB8-8B4A-11D0-8D11-00A0C91BC942}") = "ZERO_CHECK", "ZERO_CHECK.vcxproj", "{AF615B69-AED2-32D5-95E9-78AA971994A7}"
	ProjectSection(ProjectDependencies) = postProject
	EndProjectSection
EndProject
Project("{8BC9CEB8-8B4A-11D0-8D11-00A0C91BC942}") = "cocos2d", "engine\cocos\core\cocos2d.vcxproj", "{997FF6C6-0521-3AA0-96DF-B35A7940AA1B}"
	ProjectSection(ProjectDependencies) = postProject
		{AF615B69-AED2-32D5-95E9-78AA971994A7} = {AF615B69-AED2-32D5-95E9-78AA971994A7}
		{FE70592F-D005-3272-A1B2-E0E64F4DDC33} = {FE70592F-D005-3272-A1B2-E0E64F4DDC33}
		{998D27B2-EDCA-39EF-8F4A-531A770E46CA} = {998D27B2-EDCA-39EF-8F4A-531A770E46CA}
		{6BB6F0D1-0397-3490-B548-4FE61CEB4DD8} = {6BB6F0D1-0397-3490-B548-4FE61CEB4DD8}
		{4587B2BF-26E2-3C07-831F-B7E06BB10BC2} = {4587B2BF-26E2-3C07-831F-B7E06BB10BC2}
		{D823DB59-3F76-3185-97DD-C482E9E6E3B8} = {D823DB59-3F76-3185-97DD-C482E9E6E3B8}
		{9EA3798E-F744-3B4A-9B7D-156E18643CFF} = {9EA3798E-F744-3B4A-9B7D-156E18643CFF}
		{697A7C03-A95B-3716-A994-66243E28D8EC} = {697A7C03-A95B-3716-A994-66243E28D8EC}
		{0BD25408-D81A-3547-9428-81E37B085BBE} = {0BD25408-D81A-3547-9428-81E37B085BBE}
		{A1CA9E04-2AF7-3716-BA2B-A44687F276E3} = {A1CA9E04-2AF7-3716-BA2B-A44687F276E3}
		{717BAF23-F63B-3B8A-AC14-A4F6DB11E05C} = {717BAF23-F63B-3B8A-AC14-A4F6DB11E05C}
		{AD9BC7FE-893E-370F-A376-589B42AB1545} = {AD9BC7FE-893E-370F-A376-589B42AB1545}
	EndProjectSection
EndProject
Project("{8BC9CEB8-8B4A-11D0-8D11-00A0C91BC942}") = "ext_clipper", "engine\external\clipper\ext_clipper.vcxproj", "{FE70592F-D005-3272-A1B2-E0E64F4DDC33}"
	ProjectSection(ProjectDependencies) = postProject
		{AF615B69-AED2-32D5-95E9-78AA971994A7} = {AF615B69-AED2-32D5-95E9-78AA971994A7}
	EndProjectSection
EndProject
Project("{8BC9CEB8-8B4A-11D0-8D11-00A0C91BC942}") = "ext_convertUTF", "engine\external\ConvertUTF\ext_convertUTF.vcxproj", "{998D27B2-EDCA-39EF-8F4A-531A770E46CA}"
	ProjectSection(ProjectDependencies) = postProject
		{AF615B69-AED2-32D5-95E9-78AA971994A7} = {AF615B69-AED2-32D5-95E9-78AA971994A7}
	EndProjectSection
EndProject
Project("{8BC9CEB8-8B4A-11D0-8D11-00A0C91BC942}") = "ext_edtaa3func", "engine\external\edtaa3func\ext_edtaa3func.vcxproj", "{6BB6F0D1-0397-3490-B548-4FE61CEB4DD8}"
	ProjectSection(ProjectDependencies) = postProject
		{AF615B69-AED2-32D5-95E9-78AA971994A7} = {AF615B69-AED2-32D5-95E9-78AA971994A7}
	EndProjectSection
EndProject
Project("{8BC9CEB8-8B4A-11D0-8D11-00A0C91BC942}") = "ext_md5", "engine\external\md5\ext_md5.vcxproj", "{4587B2BF-26E2-3C07-831F-B7E06BB10BC2}"
	ProjectSection(ProjectDependencies) = postProject
		{AF615B69-AED2-32D5-95E9-78AA971994A7} = {AF615B69-AED2-32D5-95E9-78AA971994A7}
	EndProjectSection
EndProject
Project("{8BC9CEB8-8B4A-11D0-8D11-00A0C91BC942}") = "ext_poly2tri", "engine\external\poly2tri\ext_poly2tri.vcxproj", "{D823DB59-3F76-3185-97DD-C482E9E6E3B8}"
	ProjectSection(ProjectDependencies) = postProject
		{AF615B69-AED2-32D5-95E9-78AA971994A7} = {AF615B69-AED2-32D5-95E9-78AA971994A7}
	EndProjectSection
EndProject
Project("{8BC9CEB8-8B4A-11D0-8D11-00A0C91BC942}") = "ext_recast", "engine\external\recast\ext_recast.vcxproj", "{9EA3798E-F744-3B4A-9B7D-156E18643CFF}"
	ProjectSection(ProjectDependencies) = postProject
		{AF615B69-AED2-32D5-95E9-78AA971994A7} = {AF615B69-AED2-32D5-95E9-78AA971994A7}
	EndProjectSection
EndProject
Project("{8BC9CEB8-8B4A-11D0-8D11-00A0C91BC942}") = "ext_tinyxml2", "engine\external\tinyxml2\ext_tinyxml2.vcxproj", "{697A7C03-A95B-3716-A994-66243E28D8EC}"
	ProjectSection(ProjectDependencies) = postProject
		{AF615B69-AED2-32D5-95E9-78AA971994A7} = {AF615B69-AED2-32D5-95E9-78AA971994A7}
	EndProjectSection
EndProject
Project("{8BC9CEB8-8B4A-11D0-8D11-00A0C91BC942}") = "ext_unzip", "engine\external\unzip\ext_unzip.vcxproj", "{0BD25408-D81A-3547-9428-81E37B085BBE}"
	ProjectSection(ProjectDependencies) = postProject
		{AF615B69-AED2-32D5-95E9-78AA971994A7} = {AF615B69-AED2-32D5-95E9-78AA971994A7}
	EndProjectSection
EndProject
Project("{8BC9CEB8-8B4A-11D0-8D11-00A0C91BC942}") = "ext_xxhash", "engine\external\xxhash\ext_xxhash.vcxproj", "{A1CA9E04-2AF7-3716-BA2B-A44687F276E3}"
	ProjectSection(ProjectDependencies) = postProject
		{AF615B69-AED2-32D5-95E9-78AA971994A7} = {AF615B69-AED2-32D5-95E9-78AA971994A7}
	EndProjectSection
EndProject
Project("{8BC9CEB8-8B4A-11D0-8D11-00A0C91BC942}") = "ext_xxtea", "engine\external\xxtea\ext_xxtea.vcxproj", "{717BAF23-F63B-3B8A-AC14-A4F6DB11E05C}"
	ProjectSection(ProjectDependencies) = postProject
		{AF615B69-AED2-32D5-95E9-78AA971994A7} = {AF615B69-AED2-32D5-95E9-78AA971994A7}
	EndProjectSection
EndProject
Project("{8BC9CEB8-8B4A-11D0-8D11-00A0C91BC942}") = "external", "engine\external\external.vcxproj", "{AD9BC7FE-893E-370F-A376-589B42AB1545}"
	ProjectSection(ProjectDependencies) = postProject
		{AF615B69-AED2-32D5-95E9-78AA971994A7} = {AF615B69-AED2-32D5-95E9-78AA971994A7}
		{FE70592F-D005-3272-A1B2-E0E64F4DDC33} = {FE70592F-D005-3272-A1B2-E0E64F4DDC33}
		{998D27B2-EDCA-39EF-8F4A-531A770E46CA} = {998D27B2-EDCA-39EF-8F4A-531A770E46CA}
		{6BB6F0D1-0397-3490-B548-4FE61CEB4DD8} = {6BB6F0D1-0397-3490-B548-4FE61CEB4DD8}
		{4587B2BF-26E2-3C07-831F-B7E06BB10BC2} = {4587B2BF-26E2-3C07-831F-B7E06BB10BC2}
		{D823DB59-3F76-3185-97DD-C482E9E6E3B8} = {D823DB59-3F76-3185-97DD-C482E9E6E3B8}
		{9EA3798E-F744-3B4A-9B7D-156E18643CFF} = {9EA3798E-F744-3B4A-9B7D-156E18643CFF}
		{697A7C03-A95B-3716-A994-66243E28D8EC} = {697A7C03-A95B-3716-A994-66243E28D8EC}
		{0BD25408-D81A-3547-9428-81E37B085BBE} = {0BD25408-D81A-3547-9428-81E37B085BBE}
		{A1CA9E04-2AF7-3716-BA2B-A44687F276E3} = {A1CA9E04-2AF7-3716-BA2B-A44687F276E3}
		{717BAF23-F63B-3B8A-AC14-A4F6DB11E05C} = {717BAF23-F63B-3B8A-AC14-A4F6DB11E05C}
	EndProjectSection
EndProject
Global
	GlobalSection(SolutionConfigurationPlatforms) = preSolution
		Debug|Win32 = Debug|Win32
		Release|Win32 = Release|Win32
		MinSizeRel|Win32 = MinSizeRel|Win32
		RelWithDebInfo|Win32 = RelWithDebInfo|Win32
	EndGlobalSection
	GlobalSection(ProjectConfigurationPlatforms) = postSolution
		{9200B696-E300-3FB7-A140-897B3182735A}.Debug|Win32.ActiveCfg = Debug|Win32
		{9200B696-E300-3FB7-A140-897B3182735A}.Release|Win32.ActiveCfg = Release|Win32
		{9200B696-E300-3FB7-A140-897B3182735A}.MinSizeRel|Win32.ActiveCfg = MinSizeRel|Win32
		{9200B696-E300-3FB7-A140-897B3182735A}.RelWithDebInfo|Win32.ActiveCfg = RelWithDebInfo|Win32
		{3AFB6900-7B9D-338A-A61C-E89C3174246A}.Debug|Win32.ActiveCfg = Debug|Win32
		{3AFB6900-7B9D-338A-A61C-E89C3174246A}.Debug|Win32.Build.0 = Debug|Win32
		{3AFB6900-7B9D-338A-A61C-E89C3174246A}.Release|Win32.ActiveCfg = Release|Win32
		{3AFB6900-7B9D-338A-A61C-E89C3174246A}.Release|Win32.Build.0 = Release|Win32
		{3AFB6900-7B9D-338A-A61C-E89C3174246A}.MinSizeRel|Win32.ActiveCfg = MinSizeRel|Win32
		{3AFB6900-7B9D-338A-A61C-E89C3174246A}.MinSizeRel|Win32.Build.0 = MinSizeRel|Win32
		{3AFB6900-7B9D-338A-A61C-E89C3174246A}.RelWithDebInfo|Win32.ActiveCfg = RelWithDebInfo|Win32
		{3AFB6900-7B9D-338A-A61C-E89C3174246A}.RelWithDebInfo|Win32.Build.0 = RelWithDebInfo|Win32
		{221D511B-75BC-3C3D-A5D4-604794DDC24C}.Debug|Win32.ActiveCfg = Debug|Win32
		{221D511B-75BC-3C3D-A5D4-604794DDC24C}.Debug|Win32.Build.0 = Debug|Win32
		{221D511B-75BC-3C3D-A5D4-604794DDC24C}.Release|Win32.ActiveCfg = Release|Win32
		{221D511B-75BC-3C3D-A5D4-604794DDC24C}.Release|Win32.Build.0 = Release|Win32
		{221D511B-75BC-3C3D-A5D4-604794DDC24C}.MinSizeRel|Win32.ActiveCfg = MinSizeRel|Win32
		{221D511B-75BC-3C3D-A5D4-604794DDC24C}.MinSizeRel|Win32.Build.0 = MinSizeRel|Win32
		{221D511B-75BC-3C3D-A5D4-604794DDC24C}.RelWithDebInfo|Win32.ActiveCfg = RelWithDebInfo|Win32
		{221D511B-75BC-3C3D-A5D4-604794DDC24C}.RelWithDebInfo|Win32.Build.0 = RelWithDebInfo|Win32
		{AF615B69-AED2-32D5-95E9-78AA971994A7}.Debug|Win32.ActiveCfg = Debug|Win32
		{AF615B69-AED2-32D5-95E9-78AA971994A7}.Debug|Win32.Build.0 = Debug|Win32
		{AF615B69-AED2-32D5-95E9-78AA971994A7}.Release|Win32.ActiveCfg = Release|Win32
		{AF615B69-AED2-32D5-95E9-78AA971994A7}.Release|Win32.Build.0 = Release|Win32
		{AF615B69-AED2-32D5-95E9-78AA971994A7}.MinSizeRel|Win32.ActiveCfg = MinSizeRel|Win32
		{AF615B69-AED2-32D5-95E9-78AA971994A7}.MinSizeRel|Win32.Build.0 = MinSizeRel|Win32
		{AF615B69-AED2-32D5-95E9-78AA971994A7}.RelWithDebInfo|Win32.ActiveCfg = RelWithDebInfo|Win32
		{AF615B69-AED2-32D5-95E9-78AA971994A7}.RelWithDebInfo|Win32.Build.0 = RelWithDebInfo|Win32
		{997FF6C6-0521-3AA0-96DF-B35A7940AA1B}.Debug|Win32.ActiveCfg = Debug|Win32
		{997FF6C6-0521-3AA0-96DF-B35A7940AA1B}.Debug|Win32.Build.0 = Debug|Win32
		{997FF6C6-0521-3AA0-96DF-B35A7940AA1B}.Release|Win32.ActiveCfg = Release|Win32
		{997FF6C6-0521-3AA0-96DF-B35A7940AA1B}.Release|Win32.Build.0 = Release|Win32
		{997FF6C6-0521-3AA0-96DF-B35A7940AA1B}.MinSizeRel|Win32.ActiveCfg = MinSizeRel|Win32
		{997FF6C6-0521-3AA0-96DF-B35A7940AA1B}.MinSizeRel|Win32.Build.0 = MinSizeRel|Win32
		{997FF6C6-0521-3AA0-96DF-B35A7940AA1B}.RelWithDebInfo|Win32.ActiveCfg = RelWithDebInfo|Win32
		{997FF6C6-0521-3AA0-96DF-B35A7940AA1B}.RelWithDebInfo|Win32.Build.0 = RelWithDebInfo|Win32
		{FE70592F-D005-3272-A1B2-E0E64F4DDC33}.Debug|Win32.ActiveCfg = Debug|Win32
		{FE70592F-D005-3272-A1B2-E0E64F4DDC33}.Debug|Win32.Build.0 = Debug|Win32
		{FE70592F-D005-3272-A1B2-E0E64F4DDC33}.Release|Win32.ActiveCfg = Release|Win32
		{FE70592F-D005-3272-A1B2-E0E64F4DDC33}.Release|Win32.Build.0 = Release|Win32
		{FE70592F-D005-3272-A1B2-E0E64F4DDC33}.MinSizeRel|Win32.ActiveCfg = MinSizeRel|Win32
		{FE70592F-D005-3272-A1B2-E0E64F4DDC33}.MinSizeRel|Win32.Build.0 = MinSizeRel|Win32
		{FE70592F-D005-3272-A1B2-E0E64F4DDC33}.RelWithDebInfo|Win32.ActiveCfg = RelWithDebInfo|Win32
		{FE70592F-D005-3272-A1B2-E0E64F4DDC33}.RelWithDebInfo|Win32.Build.0 = RelWithDebInfo|Win32
		{998D27B2-EDCA-39EF-8F4A-531A770E46CA}.Debug|Win32.ActiveCfg = Debug|Win32
		{998D27B2-EDCA-39EF-8F4A-531A770E46CA}.Debug|Win32.Build.0 = Debug|Win32
		{998D27B2-EDCA-39EF-8F4A-531A770E46CA}.Release|Win32.ActiveCfg = Release|Win32
		{998D27B2-EDCA-39EF-8F4A-531A770E46CA}.Release|Win32.Build.0 = Release|Win32
		{998D27B2-EDCA-39EF-8F4A-531A770E46CA}.MinSizeRel|Win32.ActiveCfg = MinSizeRel|Win32
		{998D27B2-EDCA-39EF-8F4A-531A770E46CA}.MinSizeRel|Win32.Build.0 = MinSizeRel|Win32
		{998D27B2-EDCA-39EF-8F4A-531A770E46CA}.RelWithDebInfo|Win32.ActiveCfg = RelWithDebInfo|Win32
		{998D27B2-EDCA-39EF-8F4A-531A770E46CA}.RelWithDebInfo|Win32.Build.0 = RelWithDebInfo|Win32
		{6BB6F0D1-0397-3490-B548-4FE61CEB4DD8}.Debug|Win32.ActiveCfg = Debug|Win32
		{6BB6F0D1-0397-3490-B548-4FE61CEB4DD8}.Debug|Win32.Build.0 = Debug|Win32
		{6BB6F0D1-0397-3490-B548-4FE61CEB4DD8}.Release|Win32.ActiveCfg = Release|Win32
		{6BB6F0D1-0397-3490-B548-4FE61CEB4DD8}.Release|Win32.Build.0 = Release|Win32
		{6BB6F0D1-0397-3490-B548-4FE61CEB4DD8}.MinSizeRel|Win32.ActiveCfg = MinSizeRel|Win32
		{6BB6F0D1-0397-3490-B548-4FE61CEB4DD8}.MinSizeRel|Win32.Build.0 = MinSizeRel|Win32
		{6BB6F0D1-0397-3490-B548-4FE61CEB4DD8}.RelWithDebInfo|Win32.ActiveCfg = RelWithDebInfo|Win32
		{6BB6F0D1-0397-3490-B548-4FE61CEB4DD8}.RelWithDebInfo|Win32.Build.0 = RelWithDebInfo|Win32
		{4587B2BF-26E2-3C07-831F-B7E06BB10BC2}.Debug|Win32.ActiveCfg = Debug|Win32
		{4587B2BF-26E2-3C07-831F-B7E06BB10BC2}.Debug|Win32.Build.0 = Debug|Win32
		{4587B2BF-26E2-3C07-831F-B7E06BB10BC2}.Release|Win32.ActiveCfg = Release|Win32
		{4587B2BF-26E2-3C07-831F-B7E06BB10BC2}.Release|Win32.Build.0 = Release|Win32
		{4587B2BF-26E2-3C07-831F-B7E06BB10BC2}.MinSizeRel|Win32.ActiveCfg = MinSizeRel|Win32
		{4587B2BF-26E2-3C07-831F-B7E06BB10BC2}.MinSizeRel|Win32.Build.0 = MinSizeRel|Win32
		{4587B2BF-26E2-3C07-831F-B7E06BB10BC2}.RelWithDebInfo|Win32.ActiveCfg = RelWithDebInfo|Win32
		{4587B2BF-26E2-3C07-831F-B7E06BB10BC2}.RelWithDebInfo|Win32.Build.0 = RelWithDebInfo|Win32
		{D823DB59-3F76-3185-97DD-C482E9E6E3B8}.Debug|Win32.ActiveCfg = Debug|Win32
		{D823DB59-3F76-3185-97DD-C482E9E6E3B8}.Debug|Win32.Build.0 = Debug|Win32
		{D823DB59-3F76-3185-97DD-C482E9E6E3B8}.Release|Win32.ActiveCfg = Release|Win32
		{D823DB59-3F76-3185-97DD-C482E9E6E3B8}.Release|Win32.Build.0 = Release|Win32
		{D823DB59-3F76-3185-97DD-C482E9E6E3B8}.MinSizeRel|Win32.ActiveCfg = MinSizeRel|Win32
		{D823DB59-3F76-3185-97DD-C482E9E6E3B8}.MinSizeRel|Win32.Build.0 = MinSizeRel|Win32
		{D823DB59-3F76-3185-97DD-C482E9E6E3B8}.RelWithDebInfo|Win32.ActiveCfg = RelWithDebInfo|Win32
		{D823DB59-3F76-3185-97DD-C482E9E6E3B8}.RelWithDebInfo|Win32.Build.0 = RelWithDebInfo|Win32
		{9EA3798E-F744-3B4A-9B7D-156E18643CFF}.Debug|Win32.ActiveCfg = Debug|Win32
		{9EA3798E-F744-3B4A-9B7D-156E18643CFF}.Debug|Win32.Build.0 = Debug|Win32
		{9EA3798E-F744-3B4A-9B7D-156E18643CFF}.Release|Win32.ActiveCfg = Release|Win32
		{9EA3798E-F744-3B4A-9B7D-156E18643CFF}.Release|Win32.Build.0 = Release|Win32
		{9EA3798E-F744-3B4A-9B7D-156E18643CFF}.MinSizeRel|Win32.ActiveCfg = MinSizeRel|Win32
		{9EA3798E-F744-3B4A-9B7D-156E18643CFF}.MinSizeRel|Win32.Build.0 = MinSizeRel|Win32
		{9EA3798E-F744-3B4A-9B7D-156E18643CFF}.RelWithDebInfo|Win32.ActiveCfg = RelWithDebInfo|Win32
		{9EA3798E-F744-3B4A-9B7D-156E18643CFF}.RelWithDebInfo|Win32.Build.0 = RelWithDebInfo|Win32
		{697A7C03-A95B-3716-A994-66243E28D8EC}.Debug|Win32.ActiveCfg = Debug|Win32
		{697A7C03-A95B-3716-A994-66243E28D8EC}.Debug|Win32.Build.0 = Debug|Win32
		{697A7C03-A95B-3716-A994-66243E28D8EC}.Release|Win32.ActiveCfg = Release|Win32
		{697A7C03-A95B-3716-A994-66243E28D8EC}.Release|Win32.Build.0 = Release|Win32
		{697A7C03-A95B-3716-A994-66243E28D8EC}.MinSizeRel|Win32.ActiveCfg = MinSizeRel|Win32
		{697A7C03-A95B-3716-A994-66243E28D8EC}.MinSizeRel|Win32.Build.0 = MinSizeRel|Win32
		{697A7C03-A95B-3716-A994-66243E28D8EC}.RelWithDebInfo|Win32.ActiveCfg = RelWithDebInfo|Win32
		{697A7C03-A95B-3716-A994-66243E28D8EC}.RelWithDebInfo|Win32.Build.0 = RelWithDebInfo|Win32
		{0BD25408-D81A-3547-9428-81E37B085BBE}.Debug|Win32.ActiveCfg = Debug|Win32
		{0BD25408-D81A-3547-9428-81E37B085BBE}.Debug|Win32.Build.0 = Debug|Win32
		{0BD25408-D81A-3547-9428-81E37B085BBE}.Release|Win32.ActiveCfg = Release|Win32
		{0BD25408-D81A-3547-9428-81E37B085BBE}.Release|Win32.Build.0 = Release|Win32
		{0BD25408-D81A-3547-9428-81E37B085BBE}.MinSizeRel|Win32.ActiveCfg = MinSizeRel|Win32
		{0BD25408-D81A-3547-9428-81E37B085BBE}.MinSizeRel|Win32.Build.0 = MinSizeRel|Win32
		{0BD25408-D81A-3547-9428-81E37B085BBE}.RelWithDebInfo|Win32.ActiveCfg = RelWithDebInfo|Win32
		{0BD25408-D81A-3547-9428-81E37B085BBE}.RelWithDebInfo|Win32.Build.0 = RelWithDebInfo|Win32
		{A1CA9E04-2AF7-3716-BA2B-A44687F276E3}.Debug|Win32.ActiveCfg = Debug|Win32
		{A1CA9E04-2AF7-3716-BA2B-A44687F276E3}.Debug|Win32.Build.0 = Debug|Win32
		{A1CA9E04-2AF7-3716-BA2B-A44687F276E3}.Release|Win32.ActiveCfg = Release|Win32
		{A1CA9E04-2AF7-3716-BA2B-A44687F276E3}.Release|Win32.Build.0 = Release|Win32
		{A1CA9E04-2AF7-3716-BA2B-A44687F276E3}.MinSizeRel|Win32.ActiveCfg = MinSizeRel|Win32
		{A1CA9E04-2AF7-3716-BA2B-A44687F276E3}.MinSizeRel|Win32.Build.0 = MinSizeRel|Win32
		{A1CA9E04-2AF7-3716-BA2B-A44687F276E3}.RelWithDebInfo|Win32.ActiveCfg = RelWithDebInfo|Win32
		{A1CA9E04-2AF7-3716-BA2B-A44687F276E3}.RelWithDebInfo|Win32.Build.0 = RelWithDebInfo|Win32
		{717BAF23-F63B-3B8A-AC14-A4F6DB11E05C}.Debug|Win32.ActiveCfg = Debug|Win32
		{717BAF23-F63B-3B8A-AC14-A4F6DB11E05C}.Debug|Win32.Build.0 = Debug|Win32
		{717BAF23-F63B-3B8A-AC14-A4F6DB11E05C}.Release|Win32.ActiveCfg = Release|Win32
		{717BAF23-F63B-3B8A-AC14-A4F6DB11E05C}.Release|Win32.Build.0 = Release|Win32
		{717BAF23-F63B-3B8A-AC14-A4F6DB11E05C}.MinSizeRel|Win32.ActiveCfg = MinSizeRel|Win32
		{717BAF23-F63B-3B8A-AC14-A4F6DB11E05C}.MinSizeRel|Win32.Build.0 = MinSizeRel|Win32
		{717BAF23-F63B-3B8A-AC14-A4F6DB11E05C}.RelWithDebInfo|Win32.ActiveCfg = RelWithDebInfo|Win32
		{717BAF23-F63B-3B8A-AC14-A4F6DB11E05C}.RelWithDebInfo|Win32.Build.0 = RelWithDebInfo|Win32
		{AD9BC7FE-893E-370F-A376-589B42AB1545}.Debug|Win32.ActiveCfg = Debug|Win32
		{AD9BC7FE-893E-370F-A376-589B42AB1545}.Debug|Win32.Build.0 = Debug|Win32
		{AD9BC7FE-893E-370F-A376-589B42AB1545}.Release|Win32.ActiveCfg = Release|Win32
		{AD9BC7FE-893E-370F-A376-589B42AB1545}.Release|Win32.Build.0 = Release|Win32
		{AD9BC7FE-893E-370F-A376-589B42AB1545}.MinSizeRel|Win32.ActiveCfg = MinSizeRel|Win32
		{AD9BC7FE-893E-370F-A376-589B42AB1545}.MinSizeRel|Win32.Build.0 = MinSizeRel|Win32
		{AD9BC7FE-893E-370F-A376-589B42AB1545}.RelWithDebInfo|Win32.ActiveCfg = RelWithDebInfo|Win32
		{AD9BC7FE-893E-370F-A376-589B42AB1545}.RelWithDebInfo|Win32.Build.0 = RelWithDebInfo|Win32
	EndGlobalSection
	GlobalSection(NestedProjects) = preSolution
		{9200B696-E300-3FB7-A140-897B3182735A} = {0819351C-08C1-3801-B314-42C0DC7382AC}
		{AF615B69-AED2-32D5-95E9-78AA971994A7} = {0819351C-08C1-3801-B314-42C0DC7382AC}
		{FE70592F-D005-3272-A1B2-E0E64F4DDC33} = {25B5EB5F-2FB5-3A1F-B8D3-98C3E5F145B6}
		{998D27B2-EDCA-39EF-8F4A-531A770E46CA} = {25B5EB5F-2FB5-3A1F-B8D3-98C3E5F145B6}
		{6BB6F0D1-0397-3490-B548-4FE61CEB4DD8} = {25B5EB5F-2FB5-3A1F-B8D3-98C3E5F145B6}
		{4587B2BF-26E2-3C07-831F-B7E06BB10BC2} = {25B5EB5F-2FB5-3A1F-B8D3-98C3E5F145B6}
		{D823DB59-3F76-3185-97DD-C482E9E6E3B8} = {25B5EB5F-2FB5-3A1F-B8D3-98C3E5F145B6}
		{9EA3798E-F744-3B4A-9B7D-156E18643CFF} = {25B5EB5F-2FB5-3A1F-B8D3-98C3E5F145B6}
		{697A7C03-A95B-3716-A994-66243E28D8EC} = {25B5EB5F-2FB5-3A1F-B8D3-98C3E5F145B6}
		{0BD25408-D81A-3547-9428-81E37B085BBE} = {25B5EB5F-2FB5-3A1F-B8D3-98C3E5F145B6}
		{A1CA9E04-2AF7-3716-BA2B-A44687F276E3} = {25B5EB5F-2FB5-3A1F-B8D3-98C3E5F145B6}
		{717BAF23-F63B-3B8A-AC14-A4F6DB11E05C} = {25B5EB5F-2FB5-3A1F-B8D3-98C3E5F145B6}
		{AD9BC7FE-893E-370F-A376-589B42AB1545} = {25B5EB5F-2FB5-3A1F-B8D3-98C3E5F145B6}
		{997FF6C6-0521-3AA0-96DF-B35A7940AA1B} = {AFBB42B0-2225-30B2-A92A-E965E6EF4E6D}
		{221D511B-75BC-3C3D-A5D4-604794DDC24C} = {4661DC95-C461-388D-9F31-5775A870A65E}
	EndGlobalSection
	GlobalSection(ExtensibilityGlobals) = postSolution
		SolutionGuid = {42F99D74-0280-35F0-BED6-C51AC84C70ED}
	EndGlobalSection
	GlobalSection(ExtensibilityAddIns) = postSolution
	EndGlobalSection
EndGlobal
