<?xml version="1.0" encoding="utf-8"?>
<Project ToolsVersion="17.0" xmlns="http://schemas.microsoft.com/developer/msbuild/2003">
  <ItemGroup>
    <ClCompile Include="D:\00_git_update\01_Study\03_Cocos2d\Match3\Classes\AppDelegate.cpp">
      <Filter>Source Files\Classes</Filter>
    </ClCompile>
    <ClCompile Include="D:\00_git_update\01_Study\03_Cocos2d\Match3\Classes\HelloWorldScene.cpp">
      <Filter>Source Files\Classes</Filter>
    </ClCompile>
    <ClCompile Include="D:\00_git_update\01_Study\03_Cocos2d\Match3\Classes\SceneIngame.cpp">
      <Filter>Source Files\Classes</Filter>
    </ClCompile>
    <ClCompile Include="D:\00_git_update\01_Study\03_Cocos2d\Match3\Classes\stdafx.cpp">
      <Filter>Source Files\Classes</Filter>
    </ClCompile>
    <ClCompile Include="D:\00_git_update\01_Study\03_Cocos2d\Match3\proj.win32\main.cpp">
      <Filter>Source Files\proj.win32</Filter>
    </ClCompile>
    <ClCompile Include="D:\00_git_update\01_Study\03_Cocos2d\Match3\cocos2d\cocos\precheader.cpp">
      <Filter>Source Files</Filter>
    </ClCompile>
  </ItemGroup>
  <ItemGroup>
    <ClInclude Include="D:\00_git_update\01_Study\03_Cocos2d\Match3\Classes\AppDelegate.h">
      <Filter>Source Files\Classes</Filter>
    </ClInclude>
    <ClInclude Include="D:\00_git_update\01_Study\03_Cocos2d\Match3\Classes\HelloWorldScene.h">
      <Filter>Source Files\Classes</Filter>
    </ClInclude>
    <ClInclude Include="D:\00_git_update\01_Study\03_Cocos2d\Match3\Classes\SceneIngame.h">
      <Filter>Source Files\Classes</Filter>
    </ClInclude>
    <ClInclude Include="D:\00_git_update\01_Study\03_Cocos2d\Match3\Classes\Environment.h">
      <Filter>Source Files\Classes</Filter>
    </ClInclude>
    <ClInclude Include="D:\00_git_update\01_Study\03_Cocos2d\Match3\Classes\stdafx.h">
      <Filter>Source Files\Classes</Filter>
    </ClInclude>
    <ClInclude Include="D:\00_git_update\01_Study\03_Cocos2d\Match3\proj.win32\main.h">
      <Filter>Source Files\proj.win32</Filter>
    </ClInclude>
    <ClInclude Include="D:\00_git_update\01_Study\03_Cocos2d\Match3\proj.win32\resource.h">
      <Filter>Source Files\proj.win32</Filter>
    </ClInclude>
    <ClInclude Include="D:\00_git_update\01_Study\03_Cocos2d\Match3\Resources\CloseNormal.png">
      <Filter>Resources</Filter>
    </ClInclude>
    <ClInclude Include="D:\00_git_update\01_Study\03_Cocos2d\Match3\Resources\CloseSelected.png">
      <Filter>Resources</Filter>
    </ClInclude>
    <ClInclude Include="D:\00_git_update\01_Study\03_Cocos2d\Match3\Resources\HelloWorld.png">
      <Filter>Resources</Filter>
    </ClInclude>
    <ClInclude Include="D:\00_git_update\01_Study\03_Cocos2d\Match3\Resources\fonts\Marker Felt.ttf">
      <Filter>Resources\fonts</Filter>
    </ClInclude>
    <ClInclude Include="D:\00_git_update\01_Study\03_Cocos2d\Match3\Resources\fonts\arial.ttf">
      <Filter>Resources\fonts</Filter>
    </ClInclude>
    <ClInclude Include="D:\00_git_update\01_Study\03_Cocos2d\Match3\Resources\res\.gitkeep">
      <Filter>Resources\res</Filter>
    </ClInclude>
    <ClInclude Include="D:\00_git_update\01_Study\03_Cocos2d\Match3\Resources\res\match3_tiles_px.png">
      <Filter>Resources\res</Filter>
    </ClInclude>
  </ItemGroup>
  <ItemGroup>
    <CustomBuild Include="D:\00_git_update\01_Study\03_Cocos2d\Match3\CMakeLists.txt" />
  </ItemGroup>
  <ItemGroup>
    <ResourceCompile Include="D:\00_git_update\01_Study\03_Cocos2d\Match3\proj.win32\game.rc">
      <Filter>Source Files\proj.win32</Filter>
    </ResourceCompile>
  </ItemGroup>
  <ItemGroup>
    <Filter Include="Resources">
      <UniqueIdentifier>{EED8AE50-2726-303D-9A64-780F844198A3}</UniqueIdentifier>
    </Filter>
    <Filter Include="Resources\fonts">
      <UniqueIdentifier>{62EAA478-8A21-3AA5-9E5C-15BFB7C3E908}</UniqueIdentifier>
    </Filter>
    <Filter Include="Resources\res">
      <UniqueIdentifier>{F35409AB-A3CB-370A-9862-0DDF8CE6E85A}</UniqueIdentifier>
    </Filter>
    <Filter Include="Source Files">
      <UniqueIdentifier>{D1356DB3-A8FB-3F4A-A5ED-9AE42B89B35A}</UniqueIdentifier>
    </Filter>
    <Filter Include="Source Files\Classes">
      <UniqueIdentifier>{8F82CF06-FCE9-38EB-9052-A3CF2F601752}</UniqueIdentifier>
    </Filter>
    <Filter Include="Source Files\proj.win32">
      <UniqueIdentifier>{AC8A7734-B30E-3B35-9280-EDC143860EDF}</UniqueIdentifier>
    </Filter>
  </ItemGroup>
</Project>
