<?xml version="1.0" encoding="utf-8"?>
<Project ToolsVersion="17.0" xmlns="http://schemas.microsoft.com/developer/msbuild/2003">
  <ItemGroup>
    <CustomBuild Include="D:\00_git_update\01_Study\03_Cocos2d\Match3\proj.win32\CMakeFiles\ff466e04245a3f2119a99ceacaab73f9\SYNC_RESOURCE-Match3.rule">
      <Filter>CMake Rules</Filter>
    </CustomBuild>
    <CustomBuild Include="D:\00_git_update\01_Study\03_Cocos2d\Match3\CMakeLists.txt" />
  </ItemGroup>
  <ItemGroup>
    <None Include="D:\00_git_update\01_Study\03_Cocos2d\Match3\proj.win32\CMakeFiles\SYNC_RESOURCE-Match3" />
  </ItemGroup>
  <ItemGroup>
    <Filter Include="CMake Rules">
      <UniqueIdentifier>{A29874F7-B905-37C4-BCE7-8103534CE73B}</UniqueIdentifier>
    </Filter>
  </ItemGroup>
</Project>
